// !$*UTF8*$!
{
	archiveVersion = 1;
	classes = {
	};
	objectVersion = 56;
	objects = {

/* Begin PBXBuildFile section */
		3955980C2B601DD800D28266 /* AppDelegate.swift in Sources */ = {isa = PBXBuildFile; fileRef = 3955980B2B601DD800D28266 /* AppDelegate.swift */; };
		3955980E2B601DD800D28266 /* SceneDelegate.swift in Sources */ = {isa = PBXBuildFile; fileRef = 3955980D2B601DD800D28266 /* SceneDelegate.swift */; };
		395598102B601DD800D28266 /* ViewController.swift in Sources */ = {isa = PBXBuildFile; fileRef = 3955980F2B601DD800D28266 /* ViewController.swift */; };
		395598132B601DD800D28266 /* Main.storyboard in Resources */ = {isa = PBXBuildFile; fileRef = 395598112B601DD800D28266 /* Main.storyboard */; };
		395598152B601DD900D28266 /* Assets.xcassets in Resources */ = {isa = PBXBuildFile; fileRef = 395598142B601DD900D28266 /* Assets.xcassets */; };
		395598182B601DD900D28266 /* LaunchScreen.storyboard in Resources */ = {isa = PBXBuildFile; fileRef = 395598162B601DD900D28266 /* LaunchScreen.storyboard */; };
		395598232B601DD900D28266 /* ArigelaAppTests.swift in Sources */ = {isa = PBXBuildFile; fileRef = 395598222B601DD900D28266 /* ArigelaAppTests.swift */; };
		3955982D2B601DDA00D28266 /* ArigelaAppUITests.swift in Sources */ = {isa = PBXBuildFile; fileRef = 3955982C2B601DDA00D28266 /* ArigelaAppUITests.swift */; };
		3955982F2B601DDA00D28266 /* ArigelaAppUITestsLaunchTests.swift in Sources */ = {isa = PBXBuildFile; fileRef = 3955982E2B601DDA00D28266 /* ArigelaAppUITestsLaunchTests.swift */; };
/* End PBXBuildFile section */

/* Begin PBXContainerItemProxy section */
		3955981F2B601DD900D28266 /* PBXContainerItemProxy */ = {
			isa = PBXContainerItemProxy;
			containerPortal = 395598002B601DD800D28266 /* Project object */;
			proxyType = 1;
			remoteGlobalIDString = 395598072B601DD800D28266;
			remoteInfo = ArigelaApp;
		};
		395598292B601DDA00D28266 /* PBXContainerItemProxy */ = {
			isa = PBXContainerItemProxy;
			containerPortal = 395598002B601DD800D28266 /* Project object */;
			proxyType = 1;
			remoteGlobalIDString = 395598072B601DD800D28266;
			remoteInfo = ArigelaApp;
		};
/* End PBXContainerItemProxy section */

/* Begin PBXFileReference section */
		395598082B601DD800D28266 /* ArigelaApp.app */ = {isa = PBXFileReference; explicitFileType = wrapper.application; includeInIndex = 0; path = ArigelaApp.app; sourceTree = BUILT_PRODUCTS_DIR; };
		3955980B2B601DD800D28266 /* AppDelegate.swift */ = {isa = PBXFileReference; lastKnownFileType = sourcecode.swift; path = AppDelegate.swift; sourceTree = "<group>"; };
		3955980D2B601DD800D28266 /* SceneDelegate.swift */ = {isa = PBXFileReference; lastKnownFileType = sourcecode.swift; path = SceneDelegate.swift; sourceTree = "<group>"; };
		3955980F2B601DD800D28266 /* ViewController.swift */ = {isa = PBXFileReference; lastKnownFileType = sourcecode.swift; path = ViewController.swift; sourceTree = "<group>"; };
		395598122B601DD800D28266 /* Base */ = {isa = PBXFileReference; lastKnownFileType = file.storyboard; name = Base; path = Base.lproj/Main.storyboard; sourceTree = "<group>"; };
		395598142B601DD900D28266 /* Assets.xcassets */ = {isa = PBXFileReference; lastKnownFileType = folder.assetcatalog; path = Assets.xcassets; sourceTree = "<group>"; };
		395598172B601DD900D28266 /* Base */ = {isa = PBXFileReference; lastKnownFileType = file.storyboard; name = Base; path = Base.lproj/LaunchScreen.storyboard; sourceTree = "<group>"; };
		395598192B601DD900D28266 /* Info.plist */ = {isa = PBXFileReference; lastKnownFileType = text.plist.xml; path = Info.plist; sourceTree = "<group>"; };
		3955981E2B601DD900D28266 /* ArigelaAppTests.xctest */ = {isa = PBXFileReference; explicitFileType = wrapper.cfbundle; includeInIndex = 0; path = ArigelaAppTests.xctest; sourceTree = BUILT_PRODUCTS_DIR; };
		395598222B601DD900D28266 /* ArigelaAppTests.swift */ = {isa = PBXFileReference; lastKnownFileType = sourcecode.swift; path = ArigelaAppTests.swift; sourceTree = "<group>"; };
		395598282B601DDA00D28266 /* ArigelaAppUITests.xctest */ = {isa = PBXFileReference; explicitFileType = wrapper.cfbundle; includeInIndex = 0; path = ArigelaAppUITests.xctest; sourceTree = BUILT_PRODUCTS_DIR; };
		3955982C2B601DDA00D28266 /* ArigelaAppUITests.swift */ = {isa = PBXFileReference; lastKnownFileType = sourcecode.swift; path = ArigelaAppUITests.swift; sourceTree = "<group>"; };
		3955982E2B601DDA00D28266 /* ArigelaAppUITestsLaunchTests.swift */ = {isa = PBXFileReference; lastKnownFileType = sourcecode.swift; path = ArigelaAppUITestsLaunchTests.swift; sourceTree = "<group>"; };
/* End PBXFileReference section */

/* Begin PBXFrameworksBuildPhase section */
		395598052B601DD800D28266 /* Frameworks */ = {
			isa = PBXFrameworksBuildPhase;
			buildActionMask = 2147483647;
			files = (
			);
			runOnlyForDeploymentPostprocessing = 0;
		};
		3955981B2B601DD900D28266 /* Frameworks */ = {
			isa = PBXFrameworksBuildPhase;
			buildActionMask = 2147483647;
			files = (
			);
			runOnlyForDeploymentPostprocessing = 0;
		};
		395598252B601DDA00D28266 /* Frameworks */ = {
			isa = PBXFrameworksBuildPhase;
			buildActionMask = 2147483647;
			files = (
			);
			runOnlyForDeploymentPostprocessing = 0;
		};
/* End PBXFrameworksBuildPhase section */

/* Begin PBXGroup section */
		395597FF2B601DD800D28266 = {
			isa = PBXGroup;
			children = (
				3955980A2B601DD800D28266 /* ArigelaApp */,
				395598212B601DD900D28266 /* ArigelaAppTests */,
				3955982B2B601DDA00D28266 /* ArigelaAppUITests */,
				395598092B601DD800D28266 /* Products */,
			);
			sourceTree = "<group>";
		};
		395598092B601DD800D28266 /* Products */ = {
			isa = PBXGroup;
			children = (
				395598082B601DD800D28266 /* ArigelaApp.app */,
				3955981E2B601DD900D28266 /* ArigelaAppTests.xctest */,
				395598282B601DDA00D28266 /* ArigelaAppUITests.xctest */,
			);
			name = Products;
			sourceTree = "<group>";
		};
		3955980A2B601DD800D28266 /* ArigelaApp */ = {
			isa = PBXGroup;
			children = (
				3955980B2B601DD800D28266 /* AppDelegate.swift */,
				3955980D2B601DD800D28266 /* SceneDelegate.swift */,
				3955980F2B601DD800D28266 /* ViewController.swift */,
				395598112B601DD800D28266 /* Main.storyboard */,
				395598142B601DD900D28266 /* Assets.xcassets */,
				395598162B601DD900D28266 /* LaunchScreen.storyboard */,
				395598192B601DD900D28266 /* Info.plist */,
			);
			path = ArigelaApp;
			sourceTree = "<group>";
		};
		395598212B601DD900D28266 /* ArigelaAppTests */ = {
			isa = PBXGroup;
			children = (
				395598222B601DD900D28266 /* ArigelaAppTests.swift */,
			);
			path = ArigelaAppTests;
			sourceTree = "<group>";
		};
		3955982B2B601DDA00D28266 /* ArigelaAppUITests */ = {
			isa = PBXGroup;
			children = (
				3955982C2B601DDA00D28266 /* ArigelaAppUITests.swift */,
				3955982E2B601DDA00D28266 /* ArigelaAppUITestsLaunchTests.swift */,
			);
			path = ArigelaAppUITests;
			sourceTree = "<group>";
		};
/* End PBXGroup section */

/* Begin PBXNativeTarget section */
		395598072B601DD800D28266 /* ArigelaApp */ = {
			isa = PBXNativeTarget;
			buildConfigurationList = 395598322B601DDA00D28266 /* Build configuration list for PBXNativeTarget "ArigelaApp" */;
			buildPhases = (
				395598042B601DD800D28266 /* Sources */,
				395598052B601DD800D28266 /* Frameworks */,
				395598062B601DD800D28266 /* Resources */,
			);
			buildRules = (
			);
			dependencies = (
			);
			name = ArigelaApp;
			productName = ArigelaApp;
			productReference = 395598082B601DD800D28266 /* ArigelaApp.app */;
			productType = "com.apple.product-type.application";
		};
		3955981D2B601DD900D28266 /* ArigelaAppTests */ = {
			isa = PBXNativeTarget;
			buildConfigurationList = 395598352B601DDA00D28266 /* Build configuration list for PBXNativeTarget "ArigelaAppTests" */;
			buildPhases = (
				3955981A2B601DD900D28266 /* Sources */,
				3955981B2B601DD900D28266 /* Frameworks */,
				3955981C2B601DD900D28266 /* Resources */,
			);
			buildRules = (
			);
			dependencies = (
				395598202B601DD900D28266 /* PBXTargetDependency */,
			);
			name = ArigelaAppTests;
			productName = ArigelaAppTests;
			productReference = 3955981E2B601DD900D28266 /* ArigelaAppTests.xctest */;
			productType = "com.apple.product-type.bundle.unit-test";
		};
		395598272B601DDA00D28266 /* ArigelaAppUITests */ = {
			isa = PBXNativeTarget;
			buildConfigurationList = 395598382B601DDA00D28266 /* Build configuration list for PBXNativeTarget "ArigelaAppUITests" */;
			buildPhases = (
				395598242B601DDA00D28266 /* Sources */,
				395598252B601DDA00D28266 /* Frameworks */,
				395598262B601DDA00D28266 /* Resources */,
			);
			buildRules = (
			);
			dependencies = (
				3955982A2B601DDA00D28266 /* PBXTargetDependency */,
			);
			name = ArigelaAppUITests;
			productName = ArigelaAppUITests;
			productReference = 395598282B601DDA00D28266 /* ArigelaAppUITests.xctest */;
			productType = "com.apple.product-type.bundle.ui-testing";
		};
/* End PBXNativeTarget section */

/* Begin PBXProject section */
		395598002B601DD800D28266 /* Project object */ = {
			isa = PBXProject;
			attributes = {
				BuildIndependentTargetsInParallel = 1;
				LastSwiftUpdateCheck = 1520;
				LastUpgradeCheck = 1520;
				TargetAttributes = {
					395598072B601DD800D28266 = {
						CreatedOnToolsVersion = 15.2;
					};
					3955981D2B601DD900D28266 = {
						CreatedOnToolsVersion = 15.2;
						TestTargetID = 395598072B601DD800D28266;
					};
					395598272B601DDA00D28266 = {
						CreatedOnToolsVersion = 15.2;
						TestTargetID = 395598072B601DD800D28266;
					};
				};
			};
			buildConfigurationList = 395598032B601DD800D28266 /* Build configuration list for PBXProject "ArigelaApp" */;
			compatibilityVersion = "Xcode 14.0";
			developmentRegion = en;
			hasScannedForEncodings = 0;
			knownRegions = (
				en,
				Base,
			);
			mainGroup = 395597FF2B601DD800D28266;
			productRefGroup = 395598092B601DD800D28266 /* Products */;
			projectDirPath = "";
			projectRoot = "";
			targets = (
				395598072B601DD800D28266 /* ArigelaApp */,
				3955981D2B601DD900D28266 /* ArigelaAppTests */,
				395598272B601DDA00D28266 /* ArigelaAppUITests */,
			);
		};
/* End PBXProject section */

/* Begin PBXResourcesBuildPhase section */
		395598062B601DD800D28266 /* Resources */ = {
			isa = PBXResourcesBuildPhase;
			buildActionMask = 2147483647;
			files = (
				395598182B601DD900D28266 /* LaunchScreen.storyboard in Resources */,
				395598152B601DD900D28266 /* Assets.xcassets in Resources */,
				395598132B601DD800D28266 /* Main.storyboard in Resources */,
			);
			runOnlyForDeploymentPostprocessing = 0;
		};
		3955981C2B601DD900D28266 /* Resources */ = {
			isa = PBXResourcesBuildPhase;
			buildActionMask = 2147483647;
			files = (
			);
			runOnlyForDeploymentPostprocessing = 0;
		};
		395598262B601DDA00D28266 /* Resources */ = {
			isa = PBXResourcesBuildPhase;
			buildActionMask = 2147483647;
			files = (
			);
			runOnlyForDeploymentPostprocessing = 0;
		};
/* End PBXResourcesBuildPhase section */

/* Begin PBXSourcesBuildPhase section */
		395598042B601DD800D28266 /* Sources */ = {
			isa = PBXSourcesBuildPhase;
			buildActionMask = 2147483647;
			files = (
				395598102B601DD800D28266 /* ViewController.swift in Sources */,
				3955980C2B601DD800D28266 /* AppDelegate.swift in Sources */,
				3955980E2B601DD800D28266 /* SceneDelegate.swift in Sources */,
			);
			runOnlyForDeploymentPostprocessing = 0;
		};
		3955981A2B601DD900D28266 /* Sources */ = {
			isa = PBXSourcesBuildPhase;
			buildActionMask = 2147483647;
			files = (
				395598232B601DD900D28266 /* ArigelaAppTests.swift in Sources */,
			);
			runOnlyForDeploymentPostprocessing = 0;
		};
		395598242B601DDA00D28266 /* Sources */ = {
			isa = PBXSourcesBuildPhase;
			buildActionMask = 2147483647;
			files = (
				3955982F2B601DDA00D28266 /* ArigelaAppUITestsLaunchTests.swift in Sources */,
				3955982D2B601DDA00D28266 /* ArigelaAppUITests.swift in Sources */,
			);
			runOnlyForDeploymentPostprocessing = 0;
		};
/* End PBXSourcesBuildPhase section */

/* Begin PBXTargetDependency section */
		395598202B601DD900D28266 /* PBXTargetDependency */ = {
			isa = PBXTargetDependency;
			target = 395598072B601DD800D28266 /* ArigelaApp */;
			targetProxy = 3955981F2B601DD900D28266 /* PBXContainerItemProxy */;
		};
		3955982A2B601DDA00D28266 /* PBXTargetDependency */ = {
			isa = PBXTargetDependency;
			target = 395598072B601DD800D28266 /* ArigelaApp */;
			targetProxy = 395598292B601DDA00D28266 /* PBXContainerItemProxy */;
		};
/* End PBXTargetDependency section */

/* Begin PBXVariantGroup section */
		395598112B601DD800D28266 /* Main.storyboard */ = {
			isa = PBXVariantGroup;
			children = (
				395598122B601DD800D28266 /* Base */,
			);
			name = Main.storyboard;
			sourceTree = "<group>";
		};
		395598162B601DD900D28266 /* LaunchScreen.storyboard */ = {
			isa = PBXVariantGroup;
			children = (
				395598172B601DD900D28266 /* Base */,
			);
			name = LaunchScreen.storyboard;
			sourceTree = "<group>";
		};
/* End PBXVariantGroup section */

/* Begin XCBuildConfiguration section */
		395598302B601DDA00D28266 /* Debug */ = {
			isa = XCBuildConfiguration;
			buildSettings = {
				ALWAYS_SEARCH_USER_PATHS = NO;
				ASSETCATALOG_COMPILER_GENERATE_SWIFT_ASSET_SYMBOL_EXTENSIONS = YES;
				CLANG_ANALYZER_NONNULL = YES;
				CLANG_ANALYZER_NUMBER_OBJECT_CONVERSION = YES_AGGRESSIVE;
				CLANG_CXX_LANGUAGE_STANDARD = "gnu++20";
				CLANG_ENABLE_MODULES = YES;
				CLANG_ENABLE_OBJC_ARC = YES;
				CLANG_ENABLE_OBJC_WEAK = YES;
				CLANG_WARN_BLOCK_CAPTURE_AUTORELEASING = YES;
				CLANG_WARN_BOOL_CONVERSION = YES;
				CLANG_WARN_COMMA = YES;
				CLANG_WARN_CONSTANT_CONVERSION = YES;
				CLANG_WARN_DEPRECATED_OBJC_IMPLEMENTATIONS = YES;
				CLANG_WARN_DIRECT_OBJC_ISA_USAGE = YES_ERROR;
				CLANG_WARN_DOCUMENTATION_COMMENTS = YES;
				CLANG_WARN_EMPTY_BODY = YES;
				CLANG_WARN_ENUM_CONVERSION = YES;
				CLANG_WARN_INFINITE_RECURSION = YES;
				CLANG_WARN_INT_CONVERSION = YES;
				CLANG_WARN_NON_LITERAL_NULL_CONVERSION = YES;
				CLANG_WARN_OBJC_IMPLICIT_RETAIN_SELF = YES;
				CLANG_WARN_OBJC_LITERAL_CONVERSION = YES;
				CLANG_WARN_OBJC_ROOT_CLASS = YES_ERROR;
				CLANG_WARN_QUOTED_INCLUDE_IN_FRAMEWORK_HEADER = YES;
				CLANG_WARN_RANGE_LOOP_ANALYSIS = YES;
				CLANG_WARN_STRICT_PROTOTYPES = YES;
				CLANG_WARN_SUSPICIOUS_MOVE = YES;
				CLANG_WARN_UNGUARDED_AVAILABILITY = YES_AGGRESSIVE;
				CLANG_WARN_UNREACHABLE_CODE = YES;
				CLANG_WARN__DUPLICATE_METHOD_MATCH = YES;
				COPY_PHASE_STRIP = NO;
				DEBUG_INFORMATION_FORMAT = dwarf;
				ENABLE_STRICT_OBJC_MSGSEND = YES;
				ENABLE_TESTABILITY = YES;
				ENABLE_USER_SCRIPT_SANDBOXING = YES;
				GCC_C_LANGUAGE_STANDARD = gnu17;
				GCC_DYNAMIC_NO_PIC = NO;
				GCC_NO_COMMON_BLOCKS = YES;
				GCC_OPTIMIZATION_LEVEL = 0;
				GCC_PREPROCESSOR_DEFINITIONS = (
					"DEBUG=1",
					"$(inherited)",
				);
				GCC_WARN_64_TO_32_BIT_CONVERSION = YES;
				GCC_WARN_ABOUT_RETURN_TYPE = YES_ERROR;
				GCC_WARN_UNDECLARED_SELECTOR = YES;
				GCC_WARN_UNINITIALIZED_AUTOS = YES_AGGRESSIVE;
				GCC_WARN_UNUSED_FUNCTION = YES;
				GCC_WARN_UNUSED_VARIABLE = YES;
				IPHONEOS_DEPLOYMENT_TARGET = 17.2;
				LOCALIZATION_PREFERS_STRING_CATALOGS = YES;
				MTL_ENABLE_DEBUG_INFO = INCLUDE_SOURCE;
				MTL_FAST_MATH = YES;
				ONLY_ACTIVE_ARCH = YES;
				SDKROOT = iphoneos;
				SWIFT_ACTIVE_COMPILATION_CONDITIONS = "DEBUG $(inherited)";
				SWIFT_OPTIMIZATION_LEVEL = "-Onone";
			};
			name = Debug;
		};
		395598312B601DDA00D28266 /* Release */ = {
			isa = XCBuildConfiguration;
			buildSettings = {
				ALWAYS_SEARCH_USER_PATHS = NO;
				ASSETCATALOG_COMPILER_GENERATE_SWIFT_ASSET_SYMBOL_EXTENSIONS = YES;
				CLANG_ANALYZER_NONNULL = YES;
				CLANG_ANALYZER_NUMBER_OBJECT_CONVERSION = YES_AGGRESSIVE;
				CLANG_CXX_LANGUAGE_STANDARD = "gnu++20";
				CLANG_ENABLE_MODULES = YES;
				CLANG_ENABLE_OBJC_ARC = YES;
				CLANG_ENABLE_OBJC_WEAK = YES;
				CLANG_WARN_BLOCK_CAPTURE_AUTORELEASING = YES;
				CLANG_WARN_BOOL_CONVERSION = YES;
				CLANG_WARN_COMMA = YES;
				CLANG_WARN_CONSTANT_CONVERSION = YES;
				CLANG_WARN_DEPRECATED_OBJC_IMPLEMENTATIONS = YES;
				CLANG_WARN_DIRECT_OBJC_ISA_USAGE = YES_ERROR;
				CLANG_WARN_DOCUMENTATION_COMMENTS = YES;
				CLANG_WARN_EMPTY_BODY = YES;
				CLANG_WARN_ENUM_CONVERSION = YES;
				CLANG_WARN_INFINITE_RECURSION = YES;
				CLANG_WARN_INT_CONVERSION = YES;
				CLANG_WARN_NON_LITERAL_NULL_CONVERSION = YES;
				CLANG_WARN_OBJC_IMPLICIT_RETAIN_SELF = YES;
				CLANG_WARN_OBJC_LITERAL_CONVERSION = YES;
				CLANG_WARN_OBJC_ROOT_CLASS = YES_ERROR;
				CLANG_WARN_QUOTED_INCLUDE_IN_FRAMEWORK_HEADER = YES;
				CLANG_WARN_RANGE_LOOP_ANALYSIS = YES;
				CLANG_WARN_STRICT_PROTOTYPES = YES;
				CLANG_WARN_SUSPICIOUS_MOVE = YES;
				CLANG_WARN_UNGUARDED_AVAILABILITY = YES_AGGRESSIVE;
				CLANG_WARN_UNREACHABLE_CODE = YES;
				CLANG_WARN__DUPLICATE_METHOD_MATCH = YES;
				COPY_PHASE_STRIP = NO;
				DEBUG_INFORMATION_FORMAT = "dwarf-with-dsym";
				ENABLE_NS_ASSERTIONS = NO;
				ENABLE_STRICT_OBJC_MSGSEND = YES;
				ENABLE_USER_SCRIPT_SANDBOXING = YES;
				GCC_C_LANGUAGE_STANDARD = gnu17;
				GCC_NO_COMMON_BLOCKS = YES;
				GCC_WARN_64_TO_32_BIT_CONVERSION = YES;
				GCC_WARN_ABOUT_RETURN_TYPE = YES_ERROR;
				GCC_WARN_UNDECLARED_SELECTOR = YES;
				GCC_WARN_UNINITIALIZED_AUTOS = YES_AGGRESSIVE;
				GCC_WARN_UNUSED_FUNCTION = YES;
				GCC_WARN_UNUSED_VARIABLE = YES;
				IPHONEOS_DEPLOYMENT_TARGET = 17.2;
				LOCALIZATION_PREFERS_STRING_CATALOGS = YES;
				MTL_ENABLE_DEBUG_INFO = NO;
				MTL_FAST_MATH = YES;
				SDKROOT = iphoneos;
				SWIFT_COMPILATION_MODE = wholemodule;
				VALIDATE_PRODUCT = YES;
			};
			name = Release;
		};
		395598332B601DDA00D28266 /* Debug */ = {
			isa = XCBuildConfiguration;
			buildSettings = {
				ASSETCATALOG_COMPILER_APPICON_NAME = AppIcon;
				ASSETCATALOG_COMPILER_GLOBAL_ACCENT_COLOR_NAME = AccentColor;
				CODE_SIGN_STYLE = Automatic;
				CURRENT_PROJECT_VERSION = 1;
				GENERATE_INFOPLIST_FILE = YES;
				INFOPLIST_FILE = ArigelaApp/Info.plist;
				INFOPLIST_KEY_UIApplicationSupportsIndirectInputEvents = YES;
				INFOPLIST_KEY_UILaunchStoryboardName = LaunchScreen;
				INFOPLIST_KEY_UIMainStoryboardFile = Main;
				INFOPLIST_KEY_UISupportedInterfaceOrientations_iPad = "UIInterfaceOrientationPortrait UIInterfaceOrientationPortraitUpsideDown UIInterfaceOrientationLandscapeLeft UIInterfaceOrientationLandscapeRight";
				INFOPLIST_KEY_UISupportedInterfaceOrientations_iPhone = "UIInterfaceOrientationPortrait UIInterfaceOrientationLandscapeLeft UIInterfaceOrientationLandscapeRight";
				LD_RUNPATH_SEARCH_PATHS = (
					"$(inherited)",
					"@executable_path/Frameworks",
				);
				MARKETING_VERSION = 1.0;
				PRODUCT_BUNDLE_IDENTIFIER = nwmsu.ArigelaApp;
				PRODUCT_NAME = "$(TARGET_NAME)";
				SWIFT_EMIT_LOC_STRINGS = YES;
				SWIFT_VERSION = 5.0;
				TARGETED_DEVICE_FAMILY = "1,2";
			};
			name = Debug;
		};
		395598342B601DDA00D28266 /* Release */ = {
			isa = XCBuildConfiguration;
			buildSettings = {
				ASSETCATALOG_COMPILER_APPICON_NAME = AppIcon;
				ASSETCATALOG_COMPILER_GLOBAL_ACCENT_COLOR_NAME = AccentColor;
				CODE_SIGN_STYLE = Automatic;
				CURRENT_PROJECT_VERSION = 1;
				GENERATE_INFOPLIST_FILE = YES;
				INFOPLIST_FILE = ArigelaApp/Info.plist;
				INFOPLIST_KEY_UIApplicationSupportsIndirectInputEvents = YES;
				INFOPLIST_KEY_UILaunchStoryboardName = LaunchScreen;
				INFOPLIST_KEY_UIMainStoryboardFile = Main;
				INFOPLIST_KEY_UISupportedInterfaceOrientations_iPad = "UIInterfaceOrientationPortrait UIInterfaceOrientationPortraitUpsideDown UIInterfaceOrientationLandscapeLeft UIInterfaceOrientationLandscapeRight";
				INFOPLIST_KEY_UISupportedInterfaceOrientations_iPhone = "UIInterfaceOrientationPortrait UIInterfaceOrientationLandscapeLeft UIInterfaceOrientationLandscapeRight";
				LD_RUNPATH_SEARCH_PATHS = (
					"$(inherited)",
					"@executable_path/Frameworks",
				);
				MARKETING_VERSION = 1.0;
				PRODUCT_BUNDLE_IDENTIFIER = nwmsu.ArigelaApp;
				PRODUCT_NAME = "$(TARGET_NAME)";
				SWIFT_EMIT_LOC_STRINGS = YES;
				SWIFT_VERSION = 5.0;
				TARGETED_DEVICE_FAMILY = "1,2";
			};
			name = Release;
		};
		395598362B601DDA00D28266 /* Debug */ = {
			isa = XCBuildConfiguration;
			buildSettings = {
				ALWAYS_EMBED_SWIFT_STANDARD_LIBRARIES = YES;
				BUNDLE_LOADER = "$(TEST_HOST)";
				CODE_SIGN_STYLE = Automatic;
				CURRENT_PROJECT_VERSION = 1;
				GENERATE_INFOPLIST_FILE = YES;
				IPHONEOS_DEPLOYMENT_TARGET = 17.2;
				MARKETING_VERSION = 1.0;
				PRODUCT_BUNDLE_IDENTIFIER = nwmsu.ArigelaAppTests;
				PRODUCT_NAME = "$(TARGET_NAME)";
				SWIFT_EMIT_LOC_STRINGS = NO;
				SWIFT_VERSION = 5.0;
				TARGETED_DEVICE_FAMILY = "1,2";
				TEST_HOST = "$(BUILT_PRODUCTS_DIR)/ArigelaApp.app/$(BUNDLE_EXECUTABLE_FOLDER_PATH)/ArigelaApp";
			};
			name = Debug;
		};
		395598372B601DDA00D28266 /* Release */ = {
			isa = XCBuildConfiguration;
			buildSettings = {
				ALWAYS_EMBED_SWIFT_STANDARD_LIBRARIES = YES;
				BUNDLE_LOADER = "$(TEST_HOST)";
				CODE_SIGN_STYLE = Automatic;
				CURRENT_PROJECT_VERSION = 1;
				GENERATE_INFOPLIST_FILE = YES;
				IPHONEOS_DEPLOYMENT_TARGET = 17.2;
				MARKETING_VERSION = 1.0;
				PRODUCT_BUNDLE_IDENTIFIER = nwmsu.ArigelaAppTests;
				PRODUCT_NAME = "$(TARGET_NAME)";
				SWIFT_EMIT_LOC_STRINGS = NO;
				SWIFT_VERSION = 5.0;
				TARGETED_DEVICE_FAMILY = "1,2";
				TEST_HOST = "$(BUILT_PRODUCTS_DIR)/ArigelaApp.app/$(BUNDLE_EXECUTABLE_FOLDER_PATH)/ArigelaApp";
			};
			name = Release;
		};
		395598392B601DDA00D28266 /* Debug */ = {
			isa = XCBuildConfiguration;
			buildSettings = {
				ALWAYS_EMBED_SWIFT_STANDARD_LIBRARIES = YES;
				CODE_SIGN_STYLE = Automatic;
				CURRENT_PROJECT_VERSION = 1;
				GENERATE_INFOPLIST_FILE = YES;
				MARKETING_VERSION = 1.0;
				PRODUCT_BUNDLE_IDENTIFIER = nwmsu.ArigelaAppUITests;
				PRODUCT_NAME = "$(TARGET_NAME)";
				SWIFT_EMIT_LOC_STRINGS = NO;
				SWIFT_VERSION = 5.0;
				TARGETED_DEVICE_FAMILY = "1,2";
				TEST_TARGET_NAME = ArigelaApp;
			};
			name = Debug;
		};
		3955983A2B601DDA00D28266 /* Release */ = {
			isa = XCBuildConfiguration;
			buildSettings = {
				ALWAYS_EMBED_SWIFT_STANDARD_LIBRARIES = YES;
				CODE_SIGN_STYLE = Automatic;
				CURRENT_PROJECT_VERSION = 1;
				GENERATE_INFOPLIST_FILE = YES;
				MARKETING_VERSION = 1.0;
				PRODUCT_BUNDLE_IDENTIFIER = nwmsu.ArigelaAppUITests;
				PRODUCT_NAME = "$(TARGET_NAME)";
				SWIFT_EMIT_LOC_STRINGS = NO;
				SWIFT_VERSION = 5.0;
				TARGETED_DEVICE_FAMILY = "1,2";
				TEST_TARGET_NAME = ArigelaApp;
			};
			name = Release;
		};
/* End XCBuildConfiguration section */

/* Begin XCConfigurationList section */
		395598032B601DD800D28266 /* Build configuration list for PBXProject "ArigelaApp" */ = {
			isa = XCConfigurationList;
			buildConfigurations = (
				395598302B601DDA00D28266 /* Debug */,
				395598312B601DDA00D28266 /* Release */,
			);
			defaultConfigurationIsVisible = 0;
			defaultConfigurationName = Release;
		};
		395598322B601DDA00D28266 /* Build configuration list for PBXNativeTarget "ArigelaApp" */ = {
			isa = XCConfigurationList;
			buildConfigurations = (
				395598332B601DDA00D28266 /* Debug */,
				395598342B601DDA00D28266 /* Release */,
			);
			defaultConfigurationIsVisible = 0;
			defaultConfigurationName = Release;
		};
		395598352B601DDA00D28266 /* Build configuration list for PBXNativeTarget "ArigelaAppTests" */ = {
			isa = XCConfigurationList;
			buildConfigurations = (
				395598362B601DDA00D28266 /* Debug */,
				395598372B601DDA00D28266 /* Release */,
			);
			defaultConfigurationIsVisible = 0;
			defaultConfigurationName = Release;
		};
		395598382B601DDA00D28266 /* Build configuration list for PBXNativeTarget "ArigelaAppUITests" */ = {
			isa = XCConfigurationList;
			buildConfigurations = (
				395598392B601DDA00D28266 /* Debug */,
				3955983A2B601DDA00D28266 /* Release */,
			);
			defaultConfigurationIsVisible = 0;
			defaultConfigurationName = Release;
		};
/* End XCConfigurationList section */
	};
	rootObject = 395598002B601DD800D28266 /* Project object */;
}
